
Microsoft Visual Studio Solution File, Format Version 12.00
# Visual Studio Version 17
VisualStudioVersion = 17.4.33213.308
MinimumVisualStudioVersion = 10.0.40219.1
Project("{9A19103F-16F7-4668-BE54-9A1E7A4F7556}") = "EdificioService", "EdificioService\EdificioService.csproj", "{3BA6D2EB-842B-4140-9FF5-6168F3AA3E75}"
EndProject
Project("{9A19103F-16F7-4668-BE54-9A1E7A4F7556}") = "EdificioSoap", "EdificioSoap\EdificioSoap.csproj", "{4AA7EA2A-2442-4B7C-9BE2-835C7598E988}"
EndProject
Global
	GlobalSection(SolutionConfigurationPlatforms) = preSolution
		Debug|Any CPU = Debug|Any CPU
		Release|Any CPU = Release|Any CPU
	EndGlobalSection
	GlobalSection(ProjectConfigurationPlatforms) = postSolution
		{3BA6D2EB-842B-4140-9FF5-6168F3AA3E75}.Debug|Any CPU.ActiveCfg = Debug|Any CPU
		{3BA6D2EB-842B-4140-9FF5-6168F3AA3E75}.Debug|Any CPU.Build.0 = Debug|Any CPU
		{3BA6D2EB-842B-4140-9FF5-6168F3AA3E75}.Release|Any CPU.ActiveCfg = Release|Any CPU
		{3BA6D2EB-842B-4140-9FF5-6168F3AA3E75}.Release|Any CPU.Build.0 = Release|Any CPU
		{4AA7EA2A-2442-4B7C-9BE2-835C7598E988}.Debug|Any CPU.ActiveCfg = Debug|Any CPU
		{4AA7EA2A-2442-4B7C-9BE2-835C7598E988}.Debug|Any CPU.Build.0 = Debug|Any CPU
		{4AA7EA2A-2442-4B7C-9BE2-835C7598E988}.Release|Any CPU.ActiveCfg = Release|Any CPU
		{4AA7EA2A-2442-4B7C-9BE2-835C7598E988}.Release|Any CPU.Build.0 = Release|Any CPU
	EndGlobalSection
	GlobalSection(SolutionProperties) = preSolution
		HideSolutionNode = FALSE
	EndGlobalSection
	GlobalSection(ExtensibilityGlobals) = postSolution
		SolutionGuid = {427D88F4-3E19-4DE7-85D8-71CBBC3F637E}
	EndGlobalSection
EndGlobal
